
Microsoft Visual Studio Solution File, Format Version 12.00
# Visual Studio 15
VisualStudioVersion = 15.0.28307.1082
MinimumVisualStudioVersion = 10.0.40219.1
Project("{FAE04EC0-301F-11D3-BF4B-00C04F79EFBC}") = "Automation_CodeReadingUI", "Automation_CodeReadingUI\Automation_CodeReadingUI.csproj", "{3FD775AF-5A25-4800-AC76-7A827AF562A4}"
EndProject
Project("{FAE04EC0-301F-11D3-BF4B-00C04F79EFBC}") = "Automation_CodeReadingBLL", "Automation_CodeReadingBLL\Automation_CodeReadingBLL.csproj", "{97BE2810-CAAA-47A3-ABAB-B5D3219F6B1A}"
EndProject
Project("{FAE04EC0-301F-11D3-BF4B-00C04F79EFBC}") = "Automation_CodeReadingDAL", "Automation_CodeReadingDAL\Automation_CodeReadingDAL.csproj", "{D64C7E55-63B9-4B5B-8759-7595DF6F4609}"
EndProject
Project("{FAE04EC0-301F-11D3-BF4B-00C04F79EFBC}") = "Automation_CodeReadingModel", "Automation_CodeReadingModel\Automation_CodeReadingModel.csproj", "{99A599C5-1181-4799-B10A-DC1AA20E808A}"
EndProject
Project("{2150E333-8FDC-42A3-9474-1A3956D46DE8}") = "Docs", "Docs", "{D03D1086-55B5-46AE-A86C-D96F97E9ABA6}"
	ProjectSection(SolutionItems) = preProject
		Docs\Device.html = Docs\Device.html
		Docs\Device.jpeg = Docs\Device.jpeg
		Docs\Device.md = Docs\Device.md
		Docs\Device.pdf = Docs\Device.pdf
		Docs\Device.png = Docs\Device.png
		Docs\Device_tmp.html = Docs\Device_tmp.html
		Docs\GUI1.png = Docs\GUI1.png
		Docs\Plan.docx = Docs\Plan.docx
		Docs\Plan.html = Docs\Plan.html
		Docs\Plan.jpeg = Docs\Plan.jpeg
		Docs\Plan.md = Docs\Plan.md
		Docs\Plan.pdf = Docs\Plan.pdf
		Docs\Plan.png = Docs\Plan.png
		Docs\PlanA.mmap = Docs\PlanA.mmap
		Docs\PlanA.png = Docs\PlanA.png
		Docs\PlanB.mmap = Docs\PlanB.mmap
		Docs\PlanB.png = Docs\PlanB.png
		Docs\Prog.md = Docs\Prog.md
		Docs\Prog.mmap = Docs\Prog.mmap
		Docs\ScanRaw.jpg = Docs\ScanRaw.jpg
		Docs\信息自动化解决方案.pptx = Docs\信息自动化解决方案.pptx
		Docs\工业相机读码方案.pptx = Docs\工业相机读码方案.pptx
	EndProjectSection
EndProject
Project("{2150E333-8FDC-42A3-9474-1A3956D46DE8}") = "DB", "DB", "{DD6ABC8A-14A3-4F07-98A7-E26B8F33277C}"
	ProjectSection(SolutionItems) = preProject
		DB\DB设计.xlsx = DB\DB设计.xlsx
		DB\sql_sqlserver.sql = DB\sql_sqlserver.sql
	EndProjectSection
EndProject
Global
	GlobalSection(SolutionConfigurationPlatforms) = preSolution
		Debug|Any CPU = Debug|Any CPU
		Debug|x64 = Debug|x64
		Release|Any CPU = Release|Any CPU
		Release|x64 = Release|x64
	EndGlobalSection
	GlobalSection(ProjectConfigurationPlatforms) = postSolution
		{3FD775AF-5A25-4800-AC76-7A827AF562A4}.Debug|Any CPU.ActiveCfg = Debug|Any CPU
		{3FD775AF-5A25-4800-AC76-7A827AF562A4}.Debug|Any CPU.Build.0 = Debug|Any CPU
		{3FD775AF-5A25-4800-AC76-7A827AF562A4}.Debug|x64.ActiveCfg = Release|Any CPU
		{3FD775AF-5A25-4800-AC76-7A827AF562A4}.Debug|x64.Build.0 = Release|Any CPU
		{3FD775AF-5A25-4800-AC76-7A827AF562A4}.Release|Any CPU.ActiveCfg = Release|Any CPU
		{3FD775AF-5A25-4800-AC76-7A827AF562A4}.Release|Any CPU.Build.0 = Release|Any CPU
		{3FD775AF-5A25-4800-AC76-7A827AF562A4}.Release|x64.ActiveCfg = Release|Any CPU
		{3FD775AF-5A25-4800-AC76-7A827AF562A4}.Release|x64.Build.0 = Release|Any CPU
		{97BE2810-CAAA-47A3-ABAB-B5D3219F6B1A}.Debug|Any CPU.ActiveCfg = Release|Any CPU
		{97BE2810-CAAA-47A3-ABAB-B5D3219F6B1A}.Debug|Any CPU.Build.0 = Release|Any CPU
		{97BE2810-CAAA-47A3-ABAB-B5D3219F6B1A}.Debug|x64.ActiveCfg = Release|Any CPU
		{97BE2810-CAAA-47A3-ABAB-B5D3219F6B1A}.Debug|x64.Build.0 = Release|Any CPU
		{97BE2810-CAAA-47A3-ABAB-B5D3219F6B1A}.Release|Any CPU.ActiveCfg = Release|Any CPU
		{97BE2810-CAAA-47A3-ABAB-B5D3219F6B1A}.Release|Any CPU.Build.0 = Release|Any CPU
		{97BE2810-CAAA-47A3-ABAB-B5D3219F6B1A}.Release|x64.ActiveCfg = Release|x64
		{97BE2810-CAAA-47A3-ABAB-B5D3219F6B1A}.Release|x64.Build.0 = Release|x64
		{D64C7E55-63B9-4B5B-8759-7595DF6F4609}.Debug|Any CPU.ActiveCfg = Debug|Any CPU
		{D64C7E55-63B9-4B5B-8759-7595DF6F4609}.Debug|Any CPU.Build.0 = Debug|Any CPU
		{D64C7E55-63B9-4B5B-8759-7595DF6F4609}.Debug|x64.ActiveCfg = Release|Any CPU
		{D64C7E55-63B9-4B5B-8759-7595DF6F4609}.Debug|x64.Build.0 = Release|Any CPU
		{D64C7E55-63B9-4B5B-8759-7595DF6F4609}.Release|Any CPU.ActiveCfg = Release|Any CPU
		{D64C7E55-63B9-4B5B-8759-7595DF6F4609}.Release|Any CPU.Build.0 = Release|Any CPU
		{D64C7E55-63B9-4B5B-8759-7595DF6F4609}.Release|x64.ActiveCfg = Release|Any CPU
		{D64C7E55-63B9-4B5B-8759-7595DF6F4609}.Release|x64.Build.0 = Release|Any CPU
		{99A599C5-1181-4799-B10A-DC1AA20E808A}.Debug|Any CPU.ActiveCfg = Debug|Any CPU
		{99A599C5-1181-4799-B10A-DC1AA20E808A}.Debug|Any CPU.Build.0 = Debug|Any CPU
		{99A599C5-1181-4799-B10A-DC1AA20E808A}.Debug|x64.ActiveCfg = Release|Any CPU
		{99A599C5-1181-4799-B10A-DC1AA20E808A}.Debug|x64.Build.0 = Release|Any CPU
		{99A599C5-1181-4799-B10A-DC1AA20E808A}.Release|Any CPU.ActiveCfg = Release|Any CPU
		{99A599C5-1181-4799-B10A-DC1AA20E808A}.Release|Any CPU.Build.0 = Release|Any CPU
		{99A599C5-1181-4799-B10A-DC1AA20E808A}.Release|x64.ActiveCfg = Release|Any CPU
		{99A599C5-1181-4799-B10A-DC1AA20E808A}.Release|x64.Build.0 = Release|Any CPU
	EndGlobalSection
	GlobalSection(SolutionProperties) = preSolution
		HideSolutionNode = FALSE
	EndGlobalSection
	GlobalSection(ExtensibilityGlobals) = postSolution
		SolutionGuid = {B486C70E-147B-48B4-91CA-FAEA95F43270}
	EndGlobalSection
EndGlobal
