
Microsoft Visual Studio Solution File, Format Version 12.00
# Visual Studio 15
VisualStudioVersion = 15.0.28307.1082
MinimumVisualStudioVersion = 10.0.40219.1
Project("{FAE04EC0-301F-11D3-BF4B-00C04F79EFBC}") = "Automation_Code Reading", "Automation_Code Reading\Automation_Code Reading.csproj", "{4DDF0D16-16DE-47C9-8AC8-A187D63674AB}"
EndProject
Global
	GlobalSection(SolutionConfigurationPlatforms) = preSolution
		Debug|Any CPU = Debug|Any CPU
		Release|Any CPU = Release|Any CPU
	EndGlobalSection
	GlobalSection(ProjectConfigurationPlatforms) = postSolution
		{4DDF0D16-16DE-47C9-8AC8-A187D63674AB}.Debug|Any CPU.ActiveCfg = Debug|Any CPU
		{4DDF0D16-16DE-47C9-8AC8-A187D63674AB}.Debug|Any CPU.Build.0 = Debug|Any CPU
		{4DDF0D16-16DE-47C9-8AC8-A187D63674AB}.Release|Any CPU.ActiveCfg = Release|Any CPU
		{4DDF0D16-16DE-47C9-8AC8-A187D63674AB}.Release|Any CPU.Build.0 = Release|Any CPU
	EndGlobalSection
	GlobalSection(SolutionProperties) = preSolution
		HideSolutionNode = FALSE
	EndGlobalSection
	GlobalSection(ExtensibilityGlobals) = postSolution
		SolutionGuid = {B486C70E-147B-48B4-91CA-FAEA95F43270}
	EndGlobalSection
EndGlobal
